
Microsoft Visual Studio Solution File, Format Version 12.00
# Visual Studio Version 16
VisualStudioVersion = 16.0.31112.23
MinimumVisualStudioVersion = 10.0.40219.1
Project("{FAE04EC0-301F-11D3-BF4B-00C04F79EFBC}") = "LibTeste", "LibTeste\LibTeste.csproj", "{FBAE9A64-E468-4955-BCE1-6925C196495C}"
EndProject
Project("{FAE04EC0-301F-11D3-BF4B-00C04F79EFBC}") = "Gravatar.Teste", "Gravatar.Teste\Gravatar.Teste.csproj", "{570F9C5B-EB5D-4584-A932-3C7492B2ED0F}"
EndProject
Global
	GlobalSection(SolutionConfigurationPlatforms) = preSolution
		Debug|Any CPU = Debug|Any CPU
		Release|Any CPU = Release|Any CPU
	EndGlobalSection
	GlobalSection(ProjectConfigurationPlatforms) = postSolution
		{FBAE9A64-E468-4955-BCE1-6925C196495C}.Debug|Any CPU.ActiveCfg = Debug|Any CPU
		{FBAE9A64-E468-4955-BCE1-6925C196495C}.Debug|Any CPU.Build.0 = Debug|Any CPU
		{FBAE9A64-E468-4955-BCE1-6925C196495C}.Release|Any CPU.ActiveCfg = Release|Any CPU
		{FBAE9A64-E468-4955-BCE1-6925C196495C}.Release|Any CPU.Build.0 = Release|Any CPU
		{570F9C5B-EB5D-4584-A932-3C7492B2ED0F}.Debug|Any CPU.ActiveCfg = Debug|Any CPU
		{570F9C5B-EB5D-4584-A932-3C7492B2ED0F}.Debug|Any CPU.Build.0 = Debug|Any CPU
		{570F9C5B-EB5D-4584-A932-3C7492B2ED0F}.Release|Any CPU.ActiveCfg = Release|Any CPU
		{570F9C5B-EB5D-4584-A932-3C7492B2ED0F}.Release|Any CPU.Build.0 = Release|Any CPU
	EndGlobalSection
	GlobalSection(SolutionProperties) = preSolution
		HideSolutionNode = FALSE
	EndGlobalSection
	GlobalSection(ExtensibilityGlobals) = postSolution
		SolutionGuid = {EF274F01-3390-411D-B5C4-986093B2F636}
	EndGlobalSection
EndGlobal
